
Microsoft Visual Studio Solution File, Format Version 12.00
# Visual Studio Version 17
VisualStudioVersion = 17.0.31903.59
MinimumVisualStudioVersion = 10.0.40219.1
Project("{FAE04EC0-301F-11D3-BF4B-00C04F79EFBC}") = "ProjectionTools", "ProjectionTools\ProjectionTools.csproj", "{5648008E-8529-4FC1-AB36-10AD56A60F80}"
EndProject
Project("{FAE04EC0-301F-11D3-BF4B-00C04F79EFBC}") = "ProjectionTools.Tests", "ProjectionTools.Tests\ProjectionTools.Tests.csproj", "{5CE7DD9D-3068-4168-8ED4-9231A627B141}"
EndProject
Project("{2150E333-8FDC-42A3-9474-1A3956D46DE8}") = "Files", "Files", "{AEE9A2F1-98A9-4265-95FA-3517496D603C}"
	ProjectSection(SolutionItems) = preProject
		README.md = README.md
		LICENSE = LICENSE
		.github\workflows\publish.yml = .github\workflows\publish.yml
		.github\workflows\build.yml = .github\workflows\build.yml
	EndProjectSection
EndProject
Global
	GlobalSection(SolutionConfigurationPlatforms) = preSolution
		Debug|Any CPU = Debug|Any CPU
		Release|Any CPU = Release|Any CPU
	EndGlobalSection
	GlobalSection(SolutionProperties) = preSolution
		HideSolutionNode = FALSE
	EndGlobalSection
	GlobalSection(ProjectConfigurationPlatforms) = postSolution
		{5648008E-8529-4FC1-AB36-10AD56A60F80}.Debug|Any CPU.ActiveCfg = Debug|Any CPU
		{5648008E-8529-4FC1-AB36-10AD56A60F80}.Debug|Any CPU.Build.0 = Debug|Any CPU
		{5648008E-8529-4FC1-AB36-10AD56A60F80}.Release|Any CPU.ActiveCfg = Release|Any CPU
		{5648008E-8529-4FC1-AB36-10AD56A60F80}.Release|Any CPU.Build.0 = Release|Any CPU
		{5CE7DD9D-3068-4168-8ED4-9231A627B141}.Debug|Any CPU.ActiveCfg = Debug|Any CPU
		{5CE7DD9D-3068-4168-8ED4-9231A627B141}.Debug|Any CPU.Build.0 = Debug|Any CPU
		{5CE7DD9D-3068-4168-8ED4-9231A627B141}.Release|Any CPU.ActiveCfg = Release|Any CPU
		{5CE7DD9D-3068-4168-8ED4-9231A627B141}.Release|Any CPU.Build.0 = Release|Any CPU
	EndGlobalSection
EndGlobal
